// !$*UTF8*$!
{
	archiveVersion = 1;
	classes = {
	};
	objectVersion = 48;
	objects = {

/* Begin PBXBuildFile section */
		354FE47A1FE1644300E0330E /* AppDelegate.swift in Sources */ = {isa = PBXBuildFile; fileRef = 354FE4791FE1644300E0330E /* AppDelegate.swift */; };
		354FE47C1FE1644300E0330E /* GoalsVC.swift in Sources */ = {isa = PBXBuildFile; fileRef = 354FE47B1FE1644300E0330E /* GoalsVC.swift */; };
		354FE47F1FE1644300E0330E /* Main.storyboard in Resources */ = {isa = PBXBuildFile; fileRef = 354FE47D1FE1644300E0330E /* Main.storyboard */; };
		354FE4821FE1644300E0330E /* goal_post.xcdatamodeld in Sources */ = {isa = PBXBuildFile; fileRef = 354FE4801FE1644300E0330E /* goal_post.xcdatamodeld */; };
		354FE4841FE1644300E0330E /* Assets.xcassets in Resources */ = {isa = PBXBuildFile; fileRef = 354FE4831FE1644300E0330E /* Assets.xcassets */; };
		354FE4871FE1644300E0330E /* LaunchScreen.storyboard in Resources */ = {isa = PBXBuildFile; fileRef = 354FE4851FE1644300E0330E /* LaunchScreen.storyboard */; };
		3599BE361FE16CC00073E115 /* Constants.swift in Sources */ = {isa = PBXBuildFile; fileRef = 3599BE351FE16CC00073E115 /* Constants.swift */; };
		3599BE381FE16DD80073E115 /* GoalCell.swift in Sources */ = {isa = PBXBuildFile; fileRef = 3599BE371FE16DD80073E115 /* GoalCell.swift */; };
		3599BE3A1FE195AE0073E115 /* GoalType.swift in Sources */ = {isa = PBXBuildFile; fileRef = 3599BE391FE195AE0073E115 /* GoalType.swift */; };
		3599BE3C1FE1A5100073E115 /* CreateGoalVC.swift in Sources */ = {isa = PBXBuildFile; fileRef = 3599BE3B1FE1A5100073E115 /* CreateGoalVC.swift */; };
/* End PBXBuildFile section */

/* Begin PBXFileReference section */
		354FE4761FE1644300E0330E /* goal-post.app */ = {isa = PBXFileReference; explicitFileType = wrapper.application; includeInIndex = 0; path = "goal-post.app"; sourceTree = BUILT_PRODUCTS_DIR; };
		354FE4791FE1644300E0330E /* AppDelegate.swift */ = {isa = PBXFileReference; lastKnownFileType = sourcecode.swift; path = AppDelegate.swift; sourceTree = "<group>"; };
		354FE47B1FE1644300E0330E /* GoalsVC.swift */ = {isa = PBXFileReference; lastKnownFileType = sourcecode.swift; path = GoalsVC.swift; sourceTree = "<group>"; };
		354FE47E1FE1644300E0330E /* Base */ = {isa = PBXFileReference; lastKnownFileType = file.storyboard; name = Base; path = Base.lproj/Main.storyboard; sourceTree = "<group>"; };
		354FE4811FE1644300E0330E /* goal_post.xcdatamodel */ = {isa = PBXFileReference; lastKnownFileType = wrapper.xcdatamodel; path = goal_post.xcdatamodel; sourceTree = "<group>"; };
		354FE4831FE1644300E0330E /* Assets.xcassets */ = {isa = PBXFileReference; lastKnownFileType = folder.assetcatalog; path = Assets.xcassets; sourceTree = "<group>"; };
		354FE4861FE1644300E0330E /* Base */ = {isa = PBXFileReference; lastKnownFileType = file.storyboard; name = Base; path = Base.lproj/LaunchScreen.storyboard; sourceTree = "<group>"; };
		354FE4881FE1644300E0330E /* Info.plist */ = {isa = PBXFileReference; lastKnownFileType = text.plist.xml; path = Info.plist; sourceTree = "<group>"; };
		3599BE351FE16CC00073E115 /* Constants.swift */ = {isa = PBXFileReference; lastKnownFileType = sourcecode.swift; path = Constants.swift; sourceTree = "<group>"; };
		3599BE371FE16DD80073E115 /* GoalCell.swift */ = {isa = PBXFileReference; lastKnownFileType = sourcecode.swift; path = GoalCell.swift; sourceTree = "<group>"; };
		3599BE391FE195AE0073E115 /* GoalType.swift */ = {isa = PBXFileReference; lastKnownFileType = sourcecode.swift; path = GoalType.swift; sourceTree = "<group>"; };
		3599BE3B1FE1A5100073E115 /* CreateGoalVC.swift */ = {isa = PBXFileReference; lastKnownFileType = sourcecode.swift; path = CreateGoalVC.swift; sourceTree = "<group>"; };
/* End PBXFileReference section */

/* Begin PBXFrameworksBuildPhase section */
		354FE4731FE1644300E0330E /* Frameworks */ = {
			isa = PBXFrameworksBuildPhase;
			buildActionMask = 2147483647;
			files = (
			);
			runOnlyForDeploymentPostprocessing = 0;
		};
/* End PBXFrameworksBuildPhase section */

/* Begin PBXGroup section */
		354FE46D1FE1644300E0330E = {
			isa = PBXGroup;
			children = (
				354FE4781FE1644300E0330E /* goal-post */,
				354FE4771FE1644300E0330E /* Products */,
			);
			sourceTree = "<group>";
		};
		354FE4771FE1644300E0330E /* Products */ = {
			isa = PBXGroup;
			children = (
				354FE4761FE1644300E0330E /* goal-post.app */,
			);
			name = Products;
			sourceTree = "<group>";
		};
		354FE4781FE1644300E0330E /* goal-post */ = {
			isa = PBXGroup;
			children = (
				3599BE341FE16C8F0073E115 /* Utilities */,
				3599BE331FE167930073E115 /* Extentions */,
				3599BE321FE1677C0073E115 /* Enums */,
				3599BE311FE167600073E115 /* Views */,
				3599BE301FE1674F0073E115 /* Controllers */,
				354FE4791FE1644300E0330E /* AppDelegate.swift */,
				354FE47D1FE1644300E0330E /* Main.storyboard */,
				354FE4831FE1644300E0330E /* Assets.xcassets */,
				354FE4851FE1644300E0330E /* LaunchScreen.storyboard */,
				354FE4881FE1644300E0330E /* Info.plist */,
				354FE4801FE1644300E0330E /* goal_post.xcdatamodeld */,
			);
			path = "goal-post";
			sourceTree = "<group>";
		};
		3599BE301FE1674F0073E115 /* Controllers */ = {
			isa = PBXGroup;
			children = (
				354FE47B1FE1644300E0330E /* GoalsVC.swift */,
				3599BE3B1FE1A5100073E115 /* CreateGoalVC.swift */,
			);
			path = Controllers;
			sourceTree = "<group>";
		};
		3599BE311FE167600073E115 /* Views */ = {
			isa = PBXGroup;
			children = (
				3599BE371FE16DD80073E115 /* GoalCell.swift */,
			);
			path = Views;
			sourceTree = "<group>";
		};
		3599BE321FE1677C0073E115 /* Enums */ = {
			isa = PBXGroup;
			children = (
				3599BE391FE195AE0073E115 /* GoalType.swift */,
			);
			path = Enums;
			sourceTree = "<group>";
		};
		3599BE331FE167930073E115 /* Extentions */ = {
			isa = PBXGroup;
			children = (
			);
			path = Extentions;
			sourceTree = "<group>";
		};
		3599BE341FE16C8F0073E115 /* Utilities */ = {
			isa = PBXGroup;
			children = (
				3599BE351FE16CC00073E115 /* Constants.swift */,
			);
			path = Utilities;
			sourceTree = "<group>";
		};
/* End PBXGroup section */

/* Begin PBXNativeTarget section */
		354FE4751FE1644300E0330E /* goal-post */ = {
			isa = PBXNativeTarget;
			buildConfigurationList = 354FE48B1FE1644300E0330E /* Build configuration list for PBXNativeTarget "goal-post" */;
			buildPhases = (
				354FE4721FE1644300E0330E /* Sources */,
				354FE4731FE1644300E0330E /* Frameworks */,
				354FE4741FE1644300E0330E /* Resources */,
			);
			buildRules = (
			);
			dependencies = (
			);
			name = "goal-post";
			productName = "goal-post";
			productReference = 354FE4761FE1644300E0330E /* goal-post.app */;
			productType = "com.apple.product-type.application";
		};
/* End PBXNativeTarget section */

/* Begin PBXProject section */
		354FE46E1FE1644300E0330E /* Project object */ = {
			isa = PBXProject;
			attributes = {
				LastSwiftUpdateCheck = 0920;
				LastUpgradeCheck = 0920;
				ORGANIZATIONNAME = "Николай Маторин";
				TargetAttributes = {
					354FE4751FE1644300E0330E = {
						CreatedOnToolsVersion = 9.2;
						ProvisioningStyle = Automatic;
					};
				};
			};
			buildConfigurationList = 354FE4711FE1644300E0330E /* Build configuration list for PBXProject "goal-post" */;
			compatibilityVersion = "Xcode 8.0";
			developmentRegion = en;
			hasScannedForEncodings = 0;
			knownRegions = (
				en,
				Base,
			);
			mainGroup = 354FE46D1FE1644300E0330E;
			productRefGroup = 354FE4771FE1644300E0330E /* Products */;
			projectDirPath = "";
			projectRoot = "";
			targets = (
				354FE4751FE1644300E0330E /* goal-post */,
			);
		};
/* End PBXProject section */

/* Begin PBXResourcesBuildPhase section */
		354FE4741FE1644300E0330E /* Resources */ = {
			isa = PBXResourcesBuildPhase;
			buildActionMask = 2147483647;
			files = (
				354FE4871FE1644300E0330E /* LaunchScreen.storyboard in Resources */,
				354FE4841FE1644300E0330E /* Assets.xcassets in Resources */,
				354FE47F1FE1644300E0330E /* Main.storyboard in Resources */,
			);
			runOnlyForDeploymentPostprocessing = 0;
		};
/* End PBXResourcesBuildPhase section */

/* Begin PBXSourcesBuildPhase section */
		354FE4721FE1644300E0330E /* Sources */ = {
			isa = PBXSourcesBuildPhase;
			buildActionMask = 2147483647;
			files = (
				354FE47C1FE1644300E0330E /* GoalsVC.swift in Sources */,
				354FE47A1FE1644300E0330E /* AppDelegate.swift in Sources */,
				3599BE3A1FE195AE0073E115 /* GoalType.swift in Sources */,
				354FE4821FE1644300E0330E /* goal_post.xcdatamodeld in Sources */,
				3599BE3C1FE1A5100073E115 /* CreateGoalVC.swift in Sources */,
				3599BE381FE16DD80073E115 /* GoalCell.swift in Sources */,
				3599BE361FE16CC00073E115 /* Constants.swift in Sources */,
			);
			runOnlyForDeploymentPostprocessing = 0;
		};
/* End PBXSourcesBuildPhase section */

/* Begin PBXVariantGroup section */
		354FE47D1FE1644300E0330E /* Main.storyboard */ = {
			isa = PBXVariantGroup;
			children = (
				354FE47E1FE1644300E0330E /* Base */,
			);
			name = Main.storyboard;
			sourceTree = "<group>";
		};
		354FE4851FE1644300E0330E /* LaunchScreen.storyboard */ = {
			isa = PBXVariantGroup;
			children = (
				354FE4861FE1644300E0330E /* Base */,
			);
			name = LaunchScreen.storyboard;
			sourceTree = "<group>";
		};
/* End PBXVariantGroup section */

/* Begin XCBuildConfiguration section */
		354FE4891FE1644300E0330E /* Debug */ = {
			isa = XCBuildConfiguration;
			buildSettings = {
				ALWAYS_SEARCH_USER_PATHS = NO;
				CLANG_ANALYZER_NONNULL = YES;
				CLANG_ANALYZER_NUMBER_OBJECT_CONVERSION = YES_AGGRESSIVE;
				CLANG_CXX_LANGUAGE_STANDARD = "gnu++14";
				CLANG_CXX_LIBRARY = "libc++";
				CLANG_ENABLE_MODULES = YES;
				CLANG_ENABLE_OBJC_ARC = YES;
				CLANG_WARN_BLOCK_CAPTURE_AUTORELEASING = YES;
				CLANG_WARN_BOOL_CONVERSION = YES;
				CLANG_WARN_COMMA = YES;
				CLANG_WARN_CONSTANT_CONVERSION = YES;
				CLANG_WARN_DIRECT_OBJC_ISA_USAGE = YES_ERROR;
				CLANG_WARN_DOCUMENTATION_COMMENTS = YES;
				CLANG_WARN_EMPTY_BODY = YES;
				CLANG_WARN_ENUM_CONVERSION = YES;
				CLANG_WARN_INFINITE_RECURSION = YES;
				CLANG_WARN_INT_CONVERSION = YES;
				CLANG_WARN_NON_LITERAL_NULL_CONVERSION = YES;
				CLANG_WARN_OBJC_LITERAL_CONVERSION = YES;
				CLANG_WARN_OBJC_ROOT_CLASS = YES_ERROR;
				CLANG_WARN_RANGE_LOOP_ANALYSIS = YES;
				CLANG_WARN_STRICT_PROTOTYPES = YES;
				CLANG_WARN_SUSPICIOUS_MOVE = YES;
				CLANG_WARN_UNGUARDED_AVAILABILITY = YES_AGGRESSIVE;
				CLANG_WARN_UNREACHABLE_CODE = YES;
				CLANG_WARN__DUPLICATE_METHOD_MATCH = YES;
				CODE_SIGN_IDENTITY = "iPhone Developer";
				COPY_PHASE_STRIP = NO;
				DEBUG_INFORMATION_FORMAT = dwarf;
				ENABLE_STRICT_OBJC_MSGSEND = YES;
				ENABLE_TESTABILITY = YES;
				GCC_C_LANGUAGE_STANDARD = gnu11;
				GCC_DYNAMIC_NO_PIC = NO;
				GCC_NO_COMMON_BLOCKS = YES;
				GCC_OPTIMIZATION_LEVEL = 0;
				GCC_PREPROCESSOR_DEFINITIONS = (
					"DEBUG=1",
					"$(inherited)",
				);
				GCC_WARN_64_TO_32_BIT_CONVERSION = YES;
				GCC_WARN_ABOUT_RETURN_TYPE = YES_ERROR;
				GCC_WARN_UNDECLARED_SELECTOR = YES;
				GCC_WARN_UNINITIALIZED_AUTOS = YES_AGGRESSIVE;
				GCC_WARN_UNUSED_FUNCTION = YES;
				GCC_WARN_UNUSED_VARIABLE = YES;
				IPHONEOS_DEPLOYMENT_TARGET = 11.2;
				MTL_ENABLE_DEBUG_INFO = YES;
				ONLY_ACTIVE_ARCH = YES;
				SDKROOT = iphoneos;
				SWIFT_ACTIVE_COMPILATION_CONDITIONS = DEBUG;
				SWIFT_OPTIMIZATION_LEVEL = "-Onone";
			};
			name = Debug;
		};
		354FE48A1FE1644300E0330E /* Release */ = {
			isa = XCBuildConfiguration;
			buildSettings = {
				ALWAYS_SEARCH_USER_PATHS = NO;
				CLANG_ANALYZER_NONNULL = YES;
				CLANG_ANALYZER_NUMBER_OBJECT_CONVERSION = YES_AGGRESSIVE;
				CLANG_CXX_LANGUAGE_STANDARD = "gnu++14";
				CLANG_CXX_LIBRARY = "libc++";
				CLANG_ENABLE_MODULES = YES;
				CLANG_ENABLE_OBJC_ARC = YES;
				CLANG_WARN_BLOCK_CAPTURE_AUTORELEASING = YES;
				CLANG_WARN_BOOL_CONVERSION = YES;
				CLANG_WARN_COMMA = YES;
				CLANG_WARN_CONSTANT_CONVERSION = YES;
				CLANG_WARN_DIRECT_OBJC_ISA_USAGE = YES_ERROR;
				CLANG_WARN_DOCUMENTATION_COMMENTS = YES;
				CLANG_WARN_EMPTY_BODY = YES;
				CLANG_WARN_ENUM_CONVERSION = YES;
				CLANG_WARN_INFINITE_RECURSION = YES;
				CLANG_WARN_INT_CONVERSION = YES;
				CLANG_WARN_NON_LITERAL_NULL_CONVERSION = YES;
				CLANG_WARN_OBJC_LITERAL_CONVERSION = YES;
				CLANG_WARN_OBJC_ROOT_CLASS = YES_ERROR;
				CLANG_WARN_RANGE_LOOP_ANALYSIS = YES;
				CLANG_WARN_STRICT_PROTOTYPES = YES;
				CLANG_WARN_SUSPICIOUS_MOVE = YES;
				CLANG_WARN_UNGUARDED_AVAILABILITY = YES_AGGRESSIVE;
				CLANG_WARN_UNREACHABLE_CODE = YES;
				CLANG_WARN__DUPLICATE_METHOD_MATCH = YES;
				CODE_SIGN_IDENTITY = "iPhone Developer";
				COPY_PHASE_STRIP = NO;
				DEBUG_INFORMATION_FORMAT = "dwarf-with-dsym";
				ENABLE_NS_ASSERTIONS = NO;
				ENABLE_STRICT_OBJC_MSGSEND = YES;
				GCC_C_LANGUAGE_STANDARD = gnu11;
				GCC_NO_COMMON_BLOCKS = YES;
				GCC_WARN_64_TO_32_BIT_CONVERSION = YES;
				GCC_WARN_ABOUT_RETURN_TYPE = YES_ERROR;
				GCC_WARN_UNDECLARED_SELECTOR = YES;
				GCC_WARN_UNINITIALIZED_AUTOS = YES_AGGRESSIVE;
				GCC_WARN_UNUSED_FUNCTION = YES;
				GCC_WARN_UNUSED_VARIABLE = YES;
				IPHONEOS_DEPLOYMENT_TARGET = 11.2;
				MTL_ENABLE_DEBUG_INFO = NO;
				SDKROOT = iphoneos;
				SWIFT_OPTIMIZATION_LEVEL = "-Owholemodule";
				VALIDATE_PRODUCT = YES;
			};
			name = Release;
		};
		354FE48C1FE1644300E0330E /* Debug */ = {
			isa = XCBuildConfiguration;
			buildSettings = {
				ASSETCATALOG_COMPILER_APPICON_NAME = AppIcon;
				CODE_SIGN_STYLE = Automatic;
				DEVELOPMENT_TEAM = MS2RMDYK3L;
				INFOPLIST_FILE = "goal-post/Info.plist";
				LD_RUNPATH_SEARCH_PATHS = "$(inherited) @executable_path/Frameworks";
				PRODUCT_BUNDLE_IDENTIFIER = "BobKexit.goal-post";
				PRODUCT_NAME = "$(TARGET_NAME)";
				SWIFT_VERSION = 4.0;
				TARGETED_DEVICE_FAMILY = "1,2";
			};
			name = Debug;
		};
		354FE48D1FE1644300E0330E /* Release */ = {
			isa = XCBuildConfiguration;
			buildSettings = {
				ASSETCATALOG_COMPILER_APPICON_NAME = AppIcon;
				CODE_SIGN_STYLE = Automatic;
				DEVELOPMENT_TEAM = MS2RMDYK3L;
				INFOPLIST_FILE = "goal-post/Info.plist";
				LD_RUNPATH_SEARCH_PATHS = "$(inherited) @executable_path/Frameworks";
				PRODUCT_BUNDLE_IDENTIFIER = "BobKexit.goal-post";
				PRODUCT_NAME = "$(TARGET_NAME)";
				SWIFT_VERSION = 4.0;
				TARGETED_DEVICE_FAMILY = "1,2";
			};
			name = Release;
		};
/* End XCBuildConfiguration section */

/* Begin XCConfigurationList section */
		354FE4711FE1644300E0330E /* Build configuration list for PBXProject "goal-post" */ = {
			isa = XCConfigurationList;
			buildConfigurations = (
				354FE4891FE1644300E0330E /* Debug */,
				354FE48A1FE1644300E0330E /* Release */,
			);
			defaultConfigurationIsVisible = 0;
			defaultConfigurationName = Release;
		};
		354FE48B1FE1644300E0330E /* Build configuration list for PBXNativeTarget "goal-post" */ = {
			isa = XCConfigurationList;
			buildConfigurations = (
				354FE48C1FE1644300E0330E /* Debug */,
				354FE48D1FE1644300E0330E /* Release */,
			);
			defaultConfigurationIsVisible = 0;
			defaultConfigurationName = Release;
		};
/* End XCConfigurationList section */

/* Begin XCVersionGroup section */
		354FE4801FE1644300E0330E /* goal_post.xcdatamodeld */ = {
			isa = XCVersionGroup;
			children = (
				354FE4811FE1644300E0330E /* goal_post.xcdatamodel */,
			);
			currentVersion = 354FE4811FE1644300E0330E /* goal_post.xcdatamodel */;
			path = goal_post.xcdatamodeld;
			sourceTree = "<group>";
			versionGroupType = wrapper.xcdatamodel;
		};
/* End XCVersionGroup section */
	};
	rootObject = 354FE46E1FE1644300E0330E /* Project object */;
}
